
Microsoft Visual Studio Solution File, Format Version 11.00
# Visual Studio 2010
Project("{FAE04EC0-301F-11D3-BF4B-00C04F79EFBC}") = "LOG_IN.CS", "LOG_IN.CS\LOG_IN.CS.csproj", "{EAFE9B2D-DAA5-4A5A-8712-3B8211252F9D}"
EndProject
Global
	GlobalSection(SolutionConfigurationPlatforms) = preSolution
		Debug|x86 = Debug|x86
		Release|x86 = Release|x86
	EndGlobalSection
	GlobalSection(ProjectConfigurationPlatforms) = postSolution
		{EAFE9B2D-DAA5-4A5A-8712-3B8211252F9D}.Debug|x86.ActiveCfg = Debug|x86
		{EAFE9B2D-DAA5-4A5A-8712-3B8211252F9D}.Debug|x86.Build.0 = Debug|x86
		{EAFE9B2D-DAA5-4A5A-8712-3B8211252F9D}.Release|x86.ActiveCfg = Release|x86
		{EAFE9B2D-DAA5-4A5A-8712-3B8211252F9D}.Release|x86.Build.0 = Release|x86
	EndGlobalSection
	GlobalSection(SolutionProperties) = preSolution
		HideSolutionNode = FALSE
	EndGlobalSection
EndGlobal
